// !$*UTF8*$!
{
	archiveVersion = 1;
	classes = {
	};
	objectVersion = 46;
	objects = {

/* Begin PBXBuildFile section */
		8214BD711BD526C800DA3B4F /* main.m in Sources */ = {isa = PBXBuildFile; fileRef = 8214BD701BD526C800DA3B4F /* main.m */; };
		8214BD741BD526C800DA3B4F /* AppDelegate.m in Sources */ = {isa = PBXBuildFile; fileRef = 8214BD731BD526C800DA3B4F /* AppDelegate.m */; };
		8214BD7A1BD526C800DA3B4F /* Main.storyboard in Resources */ = {isa = PBXBuildFile; fileRef = 8214BD781BD526C800DA3B4F /* Main.storyboard */; };
		8214BD7C1BD526C800DA3B4F /* Assets.xcassets in Resources */ = {isa = PBXBuildFile; fileRef = 8214BD7B1BD526C800DA3B4F /* Assets.xcassets */; };
		8214BD7F1BD526C800DA3B4F /* LaunchScreen.storyboard in Resources */ = {isa = PBXBuildFile; fileRef = 8214BD7D1BD526C800DA3B4F /* LaunchScreen.storyboard */; };
		8214BD871BD56C4200DA3B4F /* Create.storyboard in Resources */ = {isa = PBXBuildFile; fileRef = 8214BD861BD56C4200DA3B4F /* Create.storyboard */; settings = {ASSET_TAGS = (); }; };
		8214BD891BD56C5600DA3B4F /* User.storyboard in Resources */ = {isa = PBXBuildFile; fileRef = 8214BD881BD56C5600DA3B4F /* User.storyboard */; settings = {ASSET_TAGS = (); }; };
		8214BD8F1BD56EB100DA3B4F /* SelfieTableViewController.m in Sources */ = {isa = PBXBuildFile; fileRef = 8214BD8E1BD56EB100DA3B4F /* SelfieTableViewController.m */; settings = {ASSET_TAGS = (); }; };
		8214BD921BD56EFA00DA3B4F /* SelfieDetailViewController.m in Sources */ = {isa = PBXBuildFile; fileRef = 8214BD911BD56EFA00DA3B4F /* SelfieDetailViewController.m */; settings = {ASSET_TAGS = (); }; };
		8214BD951BD5707A00DA3B4F /* SelfieTableViewCell.m in Sources */ = {isa = PBXBuildFile; fileRef = 8214BD941BD5707A00DA3B4F /* SelfieTableViewCell.m */; settings = {ASSET_TAGS = (); }; };
		8214BD981BD5781D00DA3B4F /* CaptureViewController.m in Sources */ = {isa = PBXBuildFile; fileRef = 8214BD971BD5781D00DA3B4F /* CaptureViewController.m */; settings = {ASSET_TAGS = (); }; };
		8214BD9B1BD5782F00DA3B4F /* FilterViewController.m in Sources */ = {isa = PBXBuildFile; fileRef = 8214BD9A1BD5782F00DA3B4F /* FilterViewController.m */; settings = {ASSET_TAGS = (); }; };
		8214BD9E1BD5784800DA3B4F /* SubmitViewController.m in Sources */ = {isa = PBXBuildFile; fileRef = 8214BD9D1BD5784800DA3B4F /* SubmitViewController.m */; settings = {ASSET_TAGS = (); }; };
		8214BDA11BD578A200DA3B4F /* FilterDataSource.m in Sources */ = {isa = PBXBuildFile; fileRef = 8214BDA01BD578A200DA3B4F /* FilterDataSource.m */; settings = {ASSET_TAGS = (); }; };
		8214BDA61BD579AC00DA3B4F /* FilterCollectionViewCell.m in Sources */ = {isa = PBXBuildFile; fileRef = 8214BDA51BD579AC00DA3B4F /* FilterCollectionViewCell.m */; settings = {ASSET_TAGS = (); }; };
		82A674671BD580AF00465CDD /* ChoiceViewController.m in Sources */ = {isa = PBXBuildFile; fileRef = 82A674661BD580AF00465CDD /* ChoiceViewController.m */; settings = {ASSET_TAGS = (); }; };
		82A6746A1BD580CF00465CDD /* LoginViewController.m in Sources */ = {isa = PBXBuildFile; fileRef = 82A674691BD580CF00465CDD /* LoginViewController.m */; settings = {ASSET_TAGS = (); }; };
		82A6746D1BD5810700465CDD /* RegisterViewController.m in Sources */ = {isa = PBXBuildFile; fileRef = 82A6746C1BD5810700465CDD /* RegisterViewController.m */; settings = {ASSET_TAGS = (); }; };
		82A674701BD5817600465CDD /* AvatarViewController.m in Sources */ = {isa = PBXBuildFile; fileRef = 82A6746F1BD5817600465CDD /* AvatarViewController.m */; settings = {ASSET_TAGS = (); }; };
		82EE791C1BD67625007FD6A5 /* libsqlite3.dylib in Frameworks */ = {isa = PBXBuildFile; fileRef = 82EE79111BD67625007FD6A5 /* libsqlite3.dylib */; settings = {ASSET_TAGS = (); }; };
		82EE791D1BD67625007FD6A5 /* libz.1.dylib in Frameworks */ = {isa = PBXBuildFile; fileRef = 82EE79121BD67625007FD6A5 /* libz.1.dylib */; settings = {ASSET_TAGS = (); }; };
		82EE791E1BD67625007FD6A5 /* SystemConfiguration.framework in Frameworks */ = {isa = PBXBuildFile; fileRef = 82EE79131BD67625007FD6A5 /* SystemConfiguration.framework */; settings = {ASSET_TAGS = (); }; };
		82EE791F1BD67625007FD6A5 /* StoreKit.framework in Frameworks */ = {isa = PBXBuildFile; fileRef = 82EE79141BD67625007FD6A5 /* StoreKit.framework */; settings = {ASSET_TAGS = (); }; };
		82EE79201BD67625007FD6A5 /* Security.framework in Frameworks */ = {isa = PBXBuildFile; fileRef = 82EE79151BD67625007FD6A5 /* Security.framework */; settings = {ASSET_TAGS = (); }; };
		82EE79211BD67625007FD6A5 /* CoreLocation.framework in Frameworks */ = {isa = PBXBuildFile; fileRef = 82EE79161BD67625007FD6A5 /* CoreLocation.framework */; settings = {ASSET_TAGS = (); }; };
		82EE79221BD67625007FD6A5 /* CoreGraphics.framework in Frameworks */ = {isa = PBXBuildFile; fileRef = 82EE79171BD67625007FD6A5 /* CoreGraphics.framework */; settings = {ASSET_TAGS = (); }; };
		82EE79231BD67625007FD6A5 /* CFNetwork.framework in Frameworks */ = {isa = PBXBuildFile; fileRef = 82EE79181BD67625007FD6A5 /* CFNetwork.framework */; settings = {ASSET_TAGS = (); }; };
		82EE79241BD67625007FD6A5 /* AudioToolbox.framework in Frameworks */ = {isa = PBXBuildFile; fileRef = 82EE79191BD67625007FD6A5 /* AudioToolbox.framework */; settings = {ASSET_TAGS = (); }; };
		82EE79251BD67625007FD6A5 /* Bolts.framework in Frameworks */ = {isa = PBXBuildFile; fileRef = 82EE791A1BD67625007FD6A5 /* Bolts.framework */; settings = {ASSET_TAGS = (); }; };
		82EE79261BD67625007FD6A5 /* Parse.framework in Frameworks */ = {isa = PBXBuildFile; fileRef = 82EE791B1BD67625007FD6A5 /* Parse.framework */; settings = {ASSET_TAGS = (); }; };
/* End PBXBuildFile section */

/* Begin PBXFileReference section */
		8214BD6C1BD526C800DA3B4F /* Camera.app */ = {isa = PBXFileReference; explicitFileType = wrapper.application; includeInIndex = 0; path = Camera.app; sourceTree = BUILT_PRODUCTS_DIR; };
		8214BD701BD526C800DA3B4F /* main.m */ = {isa = PBXFileReference; lastKnownFileType = sourcecode.c.objc; path = main.m; sourceTree = "<group>"; };
		8214BD721BD526C800DA3B4F /* AppDelegate.h */ = {isa = PBXFileReference; lastKnownFileType = sourcecode.c.h; path = AppDelegate.h; sourceTree = "<group>"; };
		8214BD731BD526C800DA3B4F /* AppDelegate.m */ = {isa = PBXFileReference; lastKnownFileType = sourcecode.c.objc; path = AppDelegate.m; sourceTree = "<group>"; };
		8214BD791BD526C800DA3B4F /* Base */ = {isa = PBXFileReference; lastKnownFileType = file.storyboard; name = Base; path = Base.lproj/Main.storyboard; sourceTree = "<group>"; };
		8214BD7B1BD526C800DA3B4F /* Assets.xcassets */ = {isa = PBXFileReference; lastKnownFileType = folder.assetcatalog; path = Assets.xcassets; sourceTree = "<group>"; };
		8214BD7E1BD526C800DA3B4F /* Base */ = {isa = PBXFileReference; lastKnownFileType = file.storyboard; name = Base; path = Base.lproj/LaunchScreen.storyboard; sourceTree = "<group>"; };
		8214BD801BD526C800DA3B4F /* Info.plist */ = {isa = PBXFileReference; lastKnownFileType = text.plist.xml; path = Info.plist; sourceTree = "<group>"; };
		8214BD861BD56C4200DA3B4F /* Create.storyboard */ = {isa = PBXFileReference; fileEncoding = 4; lastKnownFileType = file.storyboard; path = Create.storyboard; sourceTree = "<group>"; };
		8214BD881BD56C5600DA3B4F /* User.storyboard */ = {isa = PBXFileReference; fileEncoding = 4; lastKnownFileType = file.storyboard; path = User.storyboard; sourceTree = "<group>"; };
		8214BD8D1BD56EB100DA3B4F /* SelfieTableViewController.h */ = {isa = PBXFileReference; fileEncoding = 4; lastKnownFileType = sourcecode.c.h; path = SelfieTableViewController.h; sourceTree = "<group>"; };
		8214BD8E1BD56EB100DA3B4F /* SelfieTableViewController.m */ = {isa = PBXFileReference; fileEncoding = 4; lastKnownFileType = sourcecode.c.objc; path = SelfieTableViewController.m; sourceTree = "<group>"; };
		8214BD901BD56EFA00DA3B4F /* SelfieDetailViewController.h */ = {isa = PBXFileReference; fileEncoding = 4; lastKnownFileType = sourcecode.c.h; path = SelfieDetailViewController.h; sourceTree = "<group>"; };
		8214BD911BD56EFA00DA3B4F /* SelfieDetailViewController.m */ = {isa = PBXFileReference; fileEncoding = 4; lastKnownFileType = sourcecode.c.objc; path = SelfieDetailViewController.m; sourceTree = "<group>"; };
		8214BD931BD5707A00DA3B4F /* SelfieTableViewCell.h */ = {isa = PBXFileReference; fileEncoding = 4; lastKnownFileType = sourcecode.c.h; path = SelfieTableViewCell.h; sourceTree = "<group>"; };
		8214BD941BD5707A00DA3B4F /* SelfieTableViewCell.m */ = {isa = PBXFileReference; fileEncoding = 4; lastKnownFileType = sourcecode.c.objc; path = SelfieTableViewCell.m; sourceTree = "<group>"; };
		8214BD961BD5781D00DA3B4F /* CaptureViewController.h */ = {isa = PBXFileReference; fileEncoding = 4; lastKnownFileType = sourcecode.c.h; path = CaptureViewController.h; sourceTree = "<group>"; };
		8214BD971BD5781D00DA3B4F /* CaptureViewController.m */ = {isa = PBXFileReference; fileEncoding = 4; lastKnownFileType = sourcecode.c.objc; path = CaptureViewController.m; sourceTree = "<group>"; };
		8214BD991BD5782F00DA3B4F /* FilterViewController.h */ = {isa = PBXFileReference; fileEncoding = 4; lastKnownFileType = sourcecode.c.h; path = FilterViewController.h; sourceTree = "<group>"; };
		8214BD9A1BD5782F00DA3B4F /* FilterViewController.m */ = {isa = PBXFileReference; fileEncoding = 4; lastKnownFileType = sourcecode.c.objc; path = FilterViewController.m; sourceTree = "<group>"; };
		8214BD9C1BD5784800DA3B4F /* SubmitViewController.h */ = {isa = PBXFileReference; fileEncoding = 4; lastKnownFileType = sourcecode.c.h; path = SubmitViewController.h; sourceTree = "<group>"; };
		8214BD9D1BD5784800DA3B4F /* SubmitViewController.m */ = {isa = PBXFileReference; fileEncoding = 4; lastKnownFileType = sourcecode.c.objc; path = SubmitViewController.m; sourceTree = "<group>"; };
		8214BD9F1BD578A200DA3B4F /* FilterDataSource.h */ = {isa = PBXFileReference; fileEncoding = 4; lastKnownFileType = sourcecode.c.h; path = FilterDataSource.h; sourceTree = "<group>"; };
		8214BDA01BD578A200DA3B4F /* FilterDataSource.m */ = {isa = PBXFileReference; fileEncoding = 4; lastKnownFileType = sourcecode.c.objc; path = FilterDataSource.m; sourceTree = "<group>"; };
		8214BDA41BD579AC00DA3B4F /* FilterCollectionViewCell.h */ = {isa = PBXFileReference; fileEncoding = 4; lastKnownFileType = sourcecode.c.h; path = FilterCollectionViewCell.h; sourceTree = "<group>"; };
		8214BDA51BD579AC00DA3B4F /* FilterCollectionViewCell.m */ = {isa = PBXFileReference; fileEncoding = 4; lastKnownFileType = sourcecode.c.objc; path = FilterCollectionViewCell.m; sourceTree = "<group>"; };
		82A674651BD580AF00465CDD /* ChoiceViewController.h */ = {isa = PBXFileReference; fileEncoding = 4; lastKnownFileType = sourcecode.c.h; path = ChoiceViewController.h; sourceTree = "<group>"; };
		82A674661BD580AF00465CDD /* ChoiceViewController.m */ = {isa = PBXFileReference; fileEncoding = 4; lastKnownFileType = sourcecode.c.objc; path = ChoiceViewController.m; sourceTree = "<group>"; };
		82A674681BD580CF00465CDD /* LoginViewController.h */ = {isa = PBXFileReference; fileEncoding = 4; lastKnownFileType = sourcecode.c.h; path = LoginViewController.h; sourceTree = "<group>"; };
		82A674691BD580CF00465CDD /* LoginViewController.m */ = {isa = PBXFileReference; fileEncoding = 4; lastKnownFileType = sourcecode.c.objc; path = LoginViewController.m; sourceTree = "<group>"; };
		82A6746B1BD5810700465CDD /* RegisterViewController.h */ = {isa = PBXFileReference; fileEncoding = 4; lastKnownFileType = sourcecode.c.h; path = RegisterViewController.h; sourceTree = "<group>"; };
		82A6746C1BD5810700465CDD /* RegisterViewController.m */ = {isa = PBXFileReference; fileEncoding = 4; lastKnownFileType = sourcecode.c.objc; path = RegisterViewController.m; sourceTree = "<group>"; };
		82A6746E1BD5817600465CDD /* AvatarViewController.h */ = {isa = PBXFileReference; fileEncoding = 4; lastKnownFileType = sourcecode.c.h; path = AvatarViewController.h; sourceTree = "<group>"; };
		82A6746F1BD5817600465CDD /* AvatarViewController.m */ = {isa = PBXFileReference; fileEncoding = 4; lastKnownFileType = sourcecode.c.objc; path = AvatarViewController.m; sourceTree = "<group>"; };
		82EE79111BD67625007FD6A5 /* libsqlite3.dylib */ = {isa = PBXFileReference; lastKnownFileType = "compiled.mach-o.dylib"; name = libsqlite3.dylib; path = ../../../../../usr/lib/libsqlite3.dylib; sourceTree = "<group>"; };
		82EE79121BD67625007FD6A5 /* libz.1.dylib */ = {isa = PBXFileReference; lastKnownFileType = "compiled.mach-o.dylib"; name = libz.1.dylib; path = ../../../../../usr/lib/libz.1.dylib; sourceTree = "<group>"; };
		82EE79131BD67625007FD6A5 /* SystemConfiguration.framework */ = {isa = PBXFileReference; lastKnownFileType = wrapper.framework; name = SystemConfiguration.framework; path = System/Library/Frameworks/SystemConfiguration.framework; sourceTree = SDKROOT; };
		82EE79141BD67625007FD6A5 /* StoreKit.framework */ = {isa = PBXFileReference; lastKnownFileType = wrapper.framework; name = StoreKit.framework; path = System/Library/Frameworks/StoreKit.framework; sourceTree = SDKROOT; };
		82EE79151BD67625007FD6A5 /* Security.framework */ = {isa = PBXFileReference; lastKnownFileType = wrapper.framework; name = Security.framework; path = System/Library/Frameworks/Security.framework; sourceTree = SDKROOT; };
		82EE79161BD67625007FD6A5 /* CoreLocation.framework */ = {isa = PBXFileReference; lastKnownFileType = wrapper.framework; name = CoreLocation.framework; path = System/Library/Frameworks/CoreLocation.framework; sourceTree = SDKROOT; };
		82EE79171BD67625007FD6A5 /* CoreGraphics.framework */ = {isa = PBXFileReference; lastKnownFileType = wrapper.framework; name = CoreGraphics.framework; path = System/Library/Frameworks/CoreGraphics.framework; sourceTree = SDKROOT; };
		82EE79181BD67625007FD6A5 /* CFNetwork.framework */ = {isa = PBXFileReference; lastKnownFileType = wrapper.framework; name = CFNetwork.framework; path = System/Library/Frameworks/CFNetwork.framework; sourceTree = SDKROOT; };
		82EE79191BD67625007FD6A5 /* AudioToolbox.framework */ = {isa = PBXFileReference; lastKnownFileType = wrapper.framework; name = AudioToolbox.framework; path = System/Library/Frameworks/AudioToolbox.framework; sourceTree = SDKROOT; };
		82EE791A1BD67625007FD6A5 /* Bolts.framework */ = {isa = PBXFileReference; lastKnownFileType = wrapper.framework; name = Bolts.framework; path = ../../../_resources/Frameworks/Parse/Bolts.framework; sourceTree = "<group>"; };
		82EE791B1BD67625007FD6A5 /* Parse.framework */ = {isa = PBXFileReference; lastKnownFileType = wrapper.framework; name = Parse.framework; path = ../../../_resources/Frameworks/Parse/Parse.framework; sourceTree = "<group>"; };
/* End PBXFileReference section */

/* Begin PBXFrameworksBuildPhase section */
		8214BD691BD526C800DA3B4F /* Frameworks */ = {
			isa = PBXFrameworksBuildPhase;
			buildActionMask = 2147483647;
			files = (
				82EE79211BD67625007FD6A5 /* CoreLocation.framework in Frameworks */,
				82EE791D1BD67625007FD6A5 /* libz.1.dylib in Frameworks */,
				82EE79231BD67625007FD6A5 /* CFNetwork.framework in Frameworks */,
				82EE79201BD67625007FD6A5 /* Security.framework in Frameworks */,
				82EE79221BD67625007FD6A5 /* CoreGraphics.framework in Frameworks */,
				82EE79251BD67625007FD6A5 /* Bolts.framework in Frameworks */,
				82EE79261BD67625007FD6A5 /* Parse.framework in Frameworks */,
				82EE79241BD67625007FD6A5 /* AudioToolbox.framework in Frameworks */,
				82EE791E1BD67625007FD6A5 /* SystemConfiguration.framework in Frameworks */,
				82EE791C1BD67625007FD6A5 /* libsqlite3.dylib in Frameworks */,
				82EE791F1BD67625007FD6A5 /* StoreKit.framework in Frameworks */,
			);
			runOnlyForDeploymentPostprocessing = 0;
		};
/* End PBXFrameworksBuildPhase section */

/* Begin PBXGroup section */
		8214BD631BD526C800DA3B4F = {
			isa = PBXGroup;
			children = (
				8214BD6E1BD526C800DA3B4F /* Camera */,
				8214BD6D1BD526C800DA3B4F /* Products */,
				82EE79101BD67580007FD6A5 /* Frameworks */,
			);
			sourceTree = "<group>";
		};
		8214BD6D1BD526C800DA3B4F /* Products */ = {
			isa = PBXGroup;
			children = (
				8214BD6C1BD526C800DA3B4F /* Camera.app */,
			);
			name = Products;
			sourceTree = "<group>";
		};
		8214BD6E1BD526C800DA3B4F /* Camera */ = {
			isa = PBXGroup;
			children = (
				8214BD781BD526C800DA3B4F /* Main.storyboard */,
				8214BD8C1BD56CF500DA3B4F /* Main Flow */,
				8214BD861BD56C4200DA3B4F /* Create.storyboard */,
				8214BD8A1BD56CAB00DA3B4F /* Create Flow */,
				8214BD881BD56C5600DA3B4F /* User.storyboard */,
				8214BD8B1BD56CBA00DA3B4F /* User Flow */,
				8214BD6F1BD526C800DA3B4F /* Supporting Files */,
			);
			path = Camera;
			sourceTree = "<group>";
		};
		8214BD6F1BD526C800DA3B4F /* Supporting Files */ = {
			isa = PBXGroup;
			children = (
				8214BD721BD526C800DA3B4F /* AppDelegate.h */,
				8214BD731BD526C800DA3B4F /* AppDelegate.m */,
				8214BD7B1BD526C800DA3B4F /* Assets.xcassets */,
				8214BD7D1BD526C800DA3B4F /* LaunchScreen.storyboard */,
				8214BD801BD526C800DA3B4F /* Info.plist */,
				8214BD701BD526C800DA3B4F /* main.m */,
			);
			name = "Supporting Files";
			sourceTree = "<group>";
		};
		8214BD8A1BD56CAB00DA3B4F /* Create Flow */ = {
			isa = PBXGroup;
			children = (
				8214BD961BD5781D00DA3B4F /* CaptureViewController.h */,
				8214BD971BD5781D00DA3B4F /* CaptureViewController.m */,
				8214BD991BD5782F00DA3B4F /* FilterViewController.h */,
				8214BD9A1BD5782F00DA3B4F /* FilterViewController.m */,
				8214BDA31BD578FF00DA3B4F /* FIlterView */,
				8214BD9C1BD5784800DA3B4F /* SubmitViewController.h */,
				8214BD9D1BD5784800DA3B4F /* SubmitViewController.m */,
			);
			name = "Create Flow";
			sourceTree = "<group>";
		};
		8214BD8B1BD56CBA00DA3B4F /* User Flow */ = {
			isa = PBXGroup;
			children = (
				82A674651BD580AF00465CDD /* ChoiceViewController.h */,
				82A674661BD580AF00465CDD /* ChoiceViewController.m */,
				82A674681BD580CF00465CDD /* LoginViewController.h */,
				82A674691BD580CF00465CDD /* LoginViewController.m */,
				82A6746B1BD5810700465CDD /* RegisterViewController.h */,
				82A6746C1BD5810700465CDD /* RegisterViewController.m */,
				82A6746E1BD5817600465CDD /* AvatarViewController.h */,
				82A6746F1BD5817600465CDD /* AvatarViewController.m */,
			);
			name = "User Flow";
			sourceTree = "<group>";
		};
		8214BD8C1BD56CF500DA3B4F /* Main Flow */ = {
			isa = PBXGroup;
			children = (
				8214BD8D1BD56EB100DA3B4F /* SelfieTableViewController.h */,
				8214BD8E1BD56EB100DA3B4F /* SelfieTableViewController.m */,
				8214BDA21BD578AB00DA3B4F /* Table View */,
				8214BD901BD56EFA00DA3B4F /* SelfieDetailViewController.h */,
				8214BD911BD56EFA00DA3B4F /* SelfieDetailViewController.m */,
			);
			name = "Main Flow";
			sourceTree = "<group>";
		};
		8214BDA21BD578AB00DA3B4F /* Table View */ = {
			isa = PBXGroup;
			children = (
				8214BD931BD5707A00DA3B4F /* SelfieTableViewCell.h */,
				8214BD941BD5707A00DA3B4F /* SelfieTableViewCell.m */,
			);
			name = "Table View";
			sourceTree = "<group>";
		};
		8214BDA31BD578FF00DA3B4F /* FIlterView */ = {
			isa = PBXGroup;
			children = (
				8214BD9F1BD578A200DA3B4F /* FilterDataSource.h */,
				8214BDA01BD578A200DA3B4F /* FilterDataSource.m */,
				8214BDA41BD579AC00DA3B4F /* FilterCollectionViewCell.h */,
				8214BDA51BD579AC00DA3B4F /* FilterCollectionViewCell.m */,
			);
			name = FIlterView;
			sourceTree = "<group>";
		};
		82EE79101BD67580007FD6A5 /* Frameworks */ = {
			isa = PBXGroup;
			children = (
				82EE79111BD67625007FD6A5 /* libsqlite3.dylib */,
				82EE79121BD67625007FD6A5 /* libz.1.dylib */,
				82EE79131BD67625007FD6A5 /* SystemConfiguration.framework */,
				82EE79141BD67625007FD6A5 /* StoreKit.framework */,
				82EE79151BD67625007FD6A5 /* Security.framework */,
				82EE79161BD67625007FD6A5 /* CoreLocation.framework */,
				82EE79171BD67625007FD6A5 /* CoreGraphics.framework */,
				82EE79181BD67625007FD6A5 /* CFNetwork.framework */,
				82EE79191BD67625007FD6A5 /* AudioToolbox.framework */,
				82EE791A1BD67625007FD6A5 /* Bolts.framework */,
				82EE791B1BD67625007FD6A5 /* Parse.framework */,
			);
			name = Frameworks;
			sourceTree = "<group>";
		};
/* End PBXGroup section */

/* Begin PBXNativeTarget section */
		8214BD6B1BD526C800DA3B4F /* Camera */ = {
			isa = PBXNativeTarget;
			buildConfigurationList = 8214BD831BD526C800DA3B4F /* Build configuration list for PBXNativeTarget "Camera" */;
			buildPhases = (
				8214BD681BD526C800DA3B4F /* Sources */,
				8214BD691BD526C800DA3B4F /* Frameworks */,
				8214BD6A1BD526C800DA3B4F /* Resources */,
			);
			buildRules = (
			);
			dependencies = (
			);
			name = Camera;
			productName = Camera;
			productReference = 8214BD6C1BD526C800DA3B4F /* Camera.app */;
			productType = "com.apple.product-type.application";
		};
/* End PBXNativeTarget section */

/* Begin PBXProject section */
		8214BD641BD526C800DA3B4F /* Project object */ = {
			isa = PBXProject;
			attributes = {
				LastUpgradeCheck = 0700;
				ORGANIZATIONNAME = "Susanne Kasahara";
				TargetAttributes = {
					8214BD6B1BD526C800DA3B4F = {
						CreatedOnToolsVersion = 7.0;
						DevelopmentTeam = B547GELX38;
					};
				};
			};
			buildConfigurationList = 8214BD671BD526C800DA3B4F /* Build configuration list for PBXProject "Camera" */;
			compatibilityVersion = "Xcode 3.2";
			developmentRegion = English;
			hasScannedForEncodings = 0;
			knownRegions = (
				en,
				Base,
			);
			mainGroup = 8214BD631BD526C800DA3B4F;
			productRefGroup = 8214BD6D1BD526C800DA3B4F /* Products */;
			projectDirPath = "";
			projectRoot = "";
			targets = (
				8214BD6B1BD526C800DA3B4F /* Camera */,
			);
		};
/* End PBXProject section */

/* Begin PBXResourcesBuildPhase section */
		8214BD6A1BD526C800DA3B4F /* Resources */ = {
			isa = PBXResourcesBuildPhase;
			buildActionMask = 2147483647;
			files = (
				8214BD7F1BD526C800DA3B4F /* LaunchScreen.storyboard in Resources */,
				8214BD7C1BD526C800DA3B4F /* Assets.xcassets in Resources */,
				8214BD7A1BD526C800DA3B4F /* Main.storyboard in Resources */,
				8214BD871BD56C4200DA3B4F /* Create.storyboard in Resources */,
				8214BD891BD56C5600DA3B4F /* User.storyboard in Resources */,
			);
			runOnlyForDeploymentPostprocessing = 0;
		};
/* End PBXResourcesBuildPhase section */

/* Begin PBXSourcesBuildPhase section */
		8214BD681BD526C800DA3B4F /* Sources */ = {
			isa = PBXSourcesBuildPhase;
			buildActionMask = 2147483647;
			files = (
				8214BDA11BD578A200DA3B4F /* FilterDataSource.m in Sources */,
				8214BD8F1BD56EB100DA3B4F /* SelfieTableViewController.m in Sources */,
				8214BD921BD56EFA00DA3B4F /* SelfieDetailViewController.m in Sources */,
				8214BD951BD5707A00DA3B4F /* SelfieTableViewCell.m in Sources */,
				8214BD741BD526C800DA3B4F /* AppDelegate.m in Sources */,
				8214BD9E1BD5784800DA3B4F /* SubmitViewController.m in Sources */,
				8214BDA61BD579AC00DA3B4F /* FilterCollectionViewCell.m in Sources */,
				8214BD9B1BD5782F00DA3B4F /* FilterViewController.m in Sources */,
				82A6746A1BD580CF00465CDD /* LoginViewController.m in Sources */,
				82A6746D1BD5810700465CDD /* RegisterViewController.m in Sources */,
				8214BD711BD526C800DA3B4F /* main.m in Sources */,
				8214BD981BD5781D00DA3B4F /* CaptureViewController.m in Sources */,
				82A674671BD580AF00465CDD /* ChoiceViewController.m in Sources */,
				82A674701BD5817600465CDD /* AvatarViewController.m in Sources */,
			);
			runOnlyForDeploymentPostprocessing = 0;
		};
/* End PBXSourcesBuildPhase section */

/* Begin PBXVariantGroup section */
		8214BD781BD526C800DA3B4F /* Main.storyboard */ = {
			isa = PBXVariantGroup;
			children = (
				8214BD791BD526C800DA3B4F /* Base */,
			);
			name = Main.storyboard;
			sourceTree = "<group>";
		};
		8214BD7D1BD526C800DA3B4F /* LaunchScreen.storyboard */ = {
			isa = PBXVariantGroup;
			children = (
				8214BD7E1BD526C800DA3B4F /* Base */,
			);
			name = LaunchScreen.storyboard;
			sourceTree = "<group>";
		};
/* End PBXVariantGroup section */

/* Begin XCBuildConfiguration section */
		8214BD811BD526C800DA3B4F /* Debug */ = {
			isa = XCBuildConfiguration;
			buildSettings = {
				ALWAYS_SEARCH_USER_PATHS = NO;
				CLANG_CXX_LANGUAGE_STANDARD = "gnu++0x";
				CLANG_CXX_LIBRARY = "libc++";
				CLANG_ENABLE_MODULES = YES;
				CLANG_ENABLE_OBJC_ARC = YES;
				CLANG_WARN_BOOL_CONVERSION = YES;
				CLANG_WARN_CONSTANT_CONVERSION = YES;
				CLANG_WARN_DIRECT_OBJC_ISA_USAGE = YES_ERROR;
				CLANG_WARN_EMPTY_BODY = YES;
				CLANG_WARN_ENUM_CONVERSION = YES;
				CLANG_WARN_INT_CONVERSION = YES;
				CLANG_WARN_OBJC_ROOT_CLASS = YES_ERROR;
				CLANG_WARN_UNREACHABLE_CODE = YES;
				CLANG_WARN__DUPLICATE_METHOD_MATCH = YES;
				"CODE_SIGN_IDENTITY[sdk=iphoneos*]" = "iPhone Developer";
				COPY_PHASE_STRIP = NO;
				DEBUG_INFORMATION_FORMAT = dwarf;
				ENABLE_STRICT_OBJC_MSGSEND = YES;
				ENABLE_TESTABILITY = YES;
				GCC_C_LANGUAGE_STANDARD = gnu99;
				GCC_DYNAMIC_NO_PIC = NO;
				GCC_NO_COMMON_BLOCKS = YES;
				GCC_OPTIMIZATION_LEVEL = 0;
				GCC_PREPROCESSOR_DEFINITIONS = (
					"DEBUG=1",
					"$(inherited)",
				);
				GCC_WARN_64_TO_32_BIT_CONVERSION = YES;
				GCC_WARN_ABOUT_RETURN_TYPE = YES_ERROR;
				GCC_WARN_UNDECLARED_SELECTOR = YES;
				GCC_WARN_UNINITIALIZED_AUTOS = YES_AGGRESSIVE;
				GCC_WARN_UNUSED_FUNCTION = YES;
				GCC_WARN_UNUSED_VARIABLE = YES;
				IPHONEOS_DEPLOYMENT_TARGET = 9.0;
				MTL_ENABLE_DEBUG_INFO = YES;
				ONLY_ACTIVE_ARCH = YES;
				SDKROOT = iphoneos;
			};
			name = Debug;
		};
		8214BD821BD526C800DA3B4F /* Release */ = {
			isa = XCBuildConfiguration;
			buildSettings = {
				ALWAYS_SEARCH_USER_PATHS = NO;
				CLANG_CXX_LANGUAGE_STANDARD = "gnu++0x";
				CLANG_CXX_LIBRARY = "libc++";
				CLANG_ENABLE_MODULES = YES;
				CLANG_ENABLE_OBJC_ARC = YES;
				CLANG_WARN_BOOL_CONVERSION = YES;
				CLANG_WARN_CONSTANT_CONVERSION = YES;
				CLANG_WARN_DIRECT_OBJC_ISA_USAGE = YES_ERROR;
				CLANG_WARN_EMPTY_BODY = YES;
				CLANG_WARN_ENUM_CONVERSION = YES;
				CLANG_WARN_INT_CONVERSION = YES;
				CLANG_WARN_OBJC_ROOT_CLASS = YES_ERROR;
				CLANG_WARN_UNREACHABLE_CODE = YES;
				CLANG_WARN__DUPLICATE_METHOD_MATCH = YES;
				"CODE_SIGN_IDENTITY[sdk=iphoneos*]" = "iPhone Developer";
				COPY_PHASE_STRIP = NO;
				DEBUG_INFORMATION_FORMAT = "dwarf-with-dsym";
				ENABLE_NS_ASSERTIONS = NO;
				ENABLE_STRICT_OBJC_MSGSEND = YES;
				GCC_C_LANGUAGE_STANDARD = gnu99;
				GCC_NO_COMMON_BLOCKS = YES;
				GCC_WARN_64_TO_32_BIT_CONVERSION = YES;
				GCC_WARN_ABOUT_RETURN_TYPE = YES_ERROR;
				GCC_WARN_UNDECLARED_SELECTOR = YES;
				GCC_WARN_UNINITIALIZED_AUTOS = YES_AGGRESSIVE;
				GCC_WARN_UNUSED_FUNCTION = YES;
				GCC_WARN_UNUSED_VARIABLE = YES;
				IPHONEOS_DEPLOYMENT_TARGET = 9.0;
				MTL_ENABLE_DEBUG_INFO = NO;
				SDKROOT = iphoneos;
				VALIDATE_PRODUCT = YES;
			};
			name = Release;
		};
		8214BD841BD526C800DA3B4F /* Debug */ = {
			isa = XCBuildConfiguration;
			buildSettings = {
				ASSETCATALOG_COMPILER_APPICON_NAME = AppIcon;
				FRAMEWORK_SEARCH_PATHS = "/Users/susanneburnham/_resources/Frameworks/**";
				INFOPLIST_FILE = Camera/Info.plist;
				LD_RUNPATH_SEARCH_PATHS = "$(inherited) @executable_path/Frameworks";
				PRODUCT_BUNDLE_IDENTIFIER = com.sk.Camera;
				PRODUCT_NAME = "$(TARGET_NAME)";
			};
			name = Debug;
		};
		8214BD851BD526C800DA3B4F /* Release */ = {
			isa = XCBuildConfiguration;
			buildSettings = {
				ASSETCATALOG_COMPILER_APPICON_NAME = AppIcon;
				FRAMEWORK_SEARCH_PATHS = "/Users/susanneburnham/_resources/Frameworks/**";
				INFOPLIST_FILE = Camera/Info.plist;
				LD_RUNPATH_SEARCH_PATHS = "$(inherited) @executable_path/Frameworks";
				PRODUCT_BUNDLE_IDENTIFIER = com.sk.Camera;
				PRODUCT_NAME = "$(TARGET_NAME)";
			};
			name = Release;
		};
/* End XCBuildConfiguration section */

/* Begin XCConfigurationList section */
		8214BD671BD526C800DA3B4F /* Build configuration list for PBXProject "Camera" */ = {
			isa = XCConfigurationList;
			buildConfigurations = (
				8214BD811BD526C800DA3B4F /* Debug */,
				8214BD821BD526C800DA3B4F /* Release */,
			);
			defaultConfigurationIsVisible = 0;
			defaultConfigurationName = Release;
		};
		8214BD831BD526C800DA3B4F /* Build configuration list for PBXNativeTarget "Camera" */ = {
			isa = XCConfigurationList;
			buildConfigurations = (
				8214BD841BD526C800DA3B4F /* Debug */,
				8214BD851BD526C800DA3B4F /* Release */,
			);
			defaultConfigurationIsVisible = 0;
			defaultConfigurationName = Release;
		};
/* End XCConfigurationList section */
	};
	rootObject = 8214BD641BD526C800DA3B4F /* Project object */;
}
